
Microsoft Visual Studio Solution File, Format Version 12.00
# Visual Studio Version 16
VisualStudioVersion = 16.0.30804.86
MinimumVisualStudioVersion = 10.0.40219.1
Project("{FAE04EC0-301F-11D3-BF4B-00C04F79EFBC}") = "ApiSGCOlimpiada", "ApiSGCOlimpiada\ApiSGCOlimpiada.csproj", "{DB88ADA9-4DD4-4BF3-8FFB-5687EB558576}"
EndProject
Global
	GlobalSection(SolutionConfigurationPlatforms) = preSolution
		Debug|Any CPU = Debug|Any CPU
		Release|Any CPU = Release|Any CPU
	EndGlobalSection
	GlobalSection(ProjectConfigurationPlatforms) = postSolution
		{DB88ADA9-4DD4-4BF3-8FFB-5687EB558576}.Debug|Any CPU.ActiveCfg = Debug|Any CPU
		{DB88ADA9-4DD4-4BF3-8FFB-5687EB558576}.Debug|Any CPU.Build.0 = Debug|Any CPU
		{DB88ADA9-4DD4-4BF3-8FFB-5687EB558576}.Release|Any CPU.ActiveCfg = Release|Any CPU
		{DB88ADA9-4DD4-4BF3-8FFB-5687EB558576}.Release|Any CPU.Build.0 = Release|Any CPU
	EndGlobalSection
	GlobalSection(SolutionProperties) = preSolution
		HideSolutionNode = FALSE
	EndGlobalSection
	GlobalSection(ExtensibilityGlobals) = postSolution
		SolutionGuid = {7EEE9DF8-738D-4DD6-B71E-8189D0E54DCB}
	EndGlobalSection
EndGlobal
